// !$*UTF8*$!
{
	archiveVersion = 1;
	classes = {
	};
	objectVersion = 77;
	objects = {

/* Begin PBXBuildFile section */
		AF17108E2E92CD6C00C878DF /* Nunito-Regular.ttf in Resources */ = {isa = PBXBuildFile; fileRef = AF17108C2E92CD6C00C878DF /* Nunito-Regular.ttf */; };
		AF17108F2E92CD6C00C878DF /* Nunito-Medium.ttf in Resources */ = {isa = PBXBuildFile; fileRef = AF17108B2E92CD6C00C878DF /* Nunito-Medium.ttf */; };
		AF1710902E92CD6C00C878DF /* Nunito-SemiBold.ttf in Resources */ = {isa = PBXBuildFile; fileRef = AF17108D2E92CD6C00C878DF /* Nunito-SemiBold.ttf */; };
		AF17109A2E92CFEA00C878DF /* Fraunces72pt-Regular.ttf in Resources */ = {isa = PBXBuildFile; fileRef = AF1710982E92CFEA00C878DF /* Fraunces72pt-Regular.ttf */; };
		AF17109B2E92CFEA00C878DF /* Fraunces72pt-SemiBold.ttf in Resources */ = {isa = PBXBuildFile; fileRef = AF1710992E92CFEA00C878DF /* Fraunces72pt-SemiBold.ttf */; };
		AF17109C2E92CFEA00C878DF /* Fraunces72pt-Bold.ttf in Resources */ = {isa = PBXBuildFile; fileRef = AF1710972E92CFEA00C878DF /* Fraunces72pt-Bold.ttf */; };
/* End PBXBuildFile section */

/* Begin PBXContainerItemProxy section */
		AF1710432E8F1B1000C878DF /* PBXContainerItemProxy */ = {
			isa = PBXContainerItemProxy;
			containerPortal = AF1710252E8F1B0E00C878DF /* Project object */;
			proxyType = 1;
			remoteGlobalIDString = AF17102C2E8F1B0E00C878DF;
			remoteInfo = mutualism;
		};
		AF17104D2E8F1B1000C878DF /* PBXContainerItemProxy */ = {
			isa = PBXContainerItemProxy;
			containerPortal = AF1710252E8F1B0E00C878DF /* Project object */;
			proxyType = 1;
			remoteGlobalIDString = AF17102C2E8F1B0E00C878DF;
			remoteInfo = mutualism;
		};
/* End PBXContainerItemProxy section */

/* Begin PBXFileReference section */
		AF17102D2E8F1B0E00C878DF /* mutualism.app */ = {isa = PBXFileReference; explicitFileType = wrapper.application; includeInIndex = 0; path = mutualism.app; sourceTree = BUILT_PRODUCTS_DIR; };
		AF1710422E8F1B1000C878DF /* mutualismTests.xctest */ = {isa = PBXFileReference; explicitFileType = wrapper.cfbundle; includeInIndex = 0; path = mutualismTests.xctest; sourceTree = BUILT_PRODUCTS_DIR; };
		AF17104C2E8F1B1000C878DF /* mutualismUITests.xctest */ = {isa = PBXFileReference; explicitFileType = wrapper.cfbundle; includeInIndex = 0; path = mutualismUITests.xctest; sourceTree = BUILT_PRODUCTS_DIR; };
		AF17108B2E92CD6C00C878DF /* Nunito-Medium.ttf */ = {isa = PBXFileReference; lastKnownFileType = file; path = "Nunito-Medium.ttf"; sourceTree = "<group>"; };
		AF17108C2E92CD6C00C878DF /* Nunito-Regular.ttf */ = {isa = PBXFileReference; lastKnownFileType = file; path = "Nunito-Regular.ttf"; sourceTree = "<group>"; };
		AF17108D2E92CD6C00C878DF /* Nunito-SemiBold.ttf */ = {isa = PBXFileReference; lastKnownFileType = file; path = "Nunito-SemiBold.ttf"; sourceTree = "<group>"; };
		AF1710972E92CFEA00C878DF /* Fraunces72pt-Bold.ttf */ = {isa = PBXFileReference; lastKnownFileType = file; path = "Fraunces72pt-Bold.ttf"; sourceTree = "<group>"; };
		AF1710982E92CFEA00C878DF /* Fraunces72pt-Regular.ttf */ = {isa = PBXFileReference; lastKnownFileType = file; path = "Fraunces72pt-Regular.ttf"; sourceTree = "<group>"; };
		AF1710992E92CFEA00C878DF /* Fraunces72pt-SemiBold.ttf */ = {isa = PBXFileReference; lastKnownFileType = file; path = "Fraunces72pt-SemiBold.ttf"; sourceTree = "<group>"; };
/* End PBXFileReference section */

/* Begin PBXFileSystemSynchronizedBuildFileExceptionSet section */
		AF1710842E921D3D00C878DF /* Exceptions for "mutualism" folder in "mutualism" target */ = {
			isa = PBXFileSystemSynchronizedBuildFileExceptionSet;
			membershipExceptions = (
				Info.plist,
			);
			target = AF17102C2E8F1B0E00C878DF /* mutualism */;
		};
		AF1710AE2E92E05C00C878DF /* Exceptions for "mutualism" folder in "mutualismTests" target */ = {
			isa = PBXFileSystemSynchronizedBuildFileExceptionSet;
			membershipExceptions = (
				ViewModels/ContentViewModel.swift,
			);
			target = AF1710412E8F1B1000C878DF /* mutualismTests */;
		};
		AF1710AF2E92E05C00C878DF /* Exceptions for "mutualism" folder in "mutualismUITests" target */ = {
			isa = PBXFileSystemSynchronizedBuildFileExceptionSet;
			membershipExceptions = (
				ViewModels/ContentViewModel.swift,
			);
			target = AF17104B2E8F1B1000C878DF /* mutualismUITests */;
		};
/* End PBXFileSystemSynchronizedBuildFileExceptionSet section */

/* Begin PBXFileSystemSynchronizedRootGroup section */
		AF17102F2E8F1B0E00C878DF /* mutualism */ = {
			isa = PBXFileSystemSynchronizedRootGroup;
			exceptions = (
				AF1710842E921D3D00C878DF /* Exceptions for "mutualism" folder in "mutualism" target */,
				AF1710AE2E92E05C00C878DF /* Exceptions for "mutualism" folder in "mutualismTests" target */,
				AF1710AF2E92E05C00C878DF /* Exceptions for "mutualism" folder in "mutualismUITests" target */,
			);
			path = mutualism;
			sourceTree = "<group>";
		};
		AF1710452E8F1B1000C878DF /* mutualismTests */ = {
			isa = PBXFileSystemSynchronizedRootGroup;
			path = mutualismTests;
			sourceTree = "<group>";
		};
		AF17104F2E8F1B1000C878DF /* mutualismUITests */ = {
			isa = PBXFileSystemSynchronizedRootGroup;
			path = mutualismUITests;
			sourceTree = "<group>";
		};
/* End PBXFileSystemSynchronizedRootGroup section */

/* Begin PBXFrameworksBuildPhase section */
		AF17102A2E8F1B0E00C878DF /* Frameworks */ = {
			isa = PBXFrameworksBuildPhase;
			buildActionMask = 2147483647;
			files = (
			);
			runOnlyForDeploymentPostprocessing = 0;
		};
		AF17103F2E8F1B1000C878DF /* Frameworks */ = {
			isa = PBXFrameworksBuildPhase;
			buildActionMask = 2147483647;
			files = (
			);
			runOnlyForDeploymentPostprocessing = 0;
		};
		AF1710492E8F1B1000C878DF /* Frameworks */ = {
			isa = PBXFrameworksBuildPhase;
			buildActionMask = 2147483647;
			files = (
			);
			runOnlyForDeploymentPostprocessing = 0;
		};
/* End PBXFrameworksBuildPhase section */

/* Begin PBXGroup section */
		AF1710242E8F1B0E00C878DF = {
			isa = PBXGroup;
			children = (
				AF17107A2E921C0500C878DF /* Fonts */,
				AF17102F2E8F1B0E00C878DF /* mutualism */,
				AF1710452E8F1B1000C878DF /* mutualismTests */,
				AF17104F2E8F1B1000C878DF /* mutualismUITests */,
				AF17102E2E8F1B0E00C878DF /* Products */,
			);
			sourceTree = "<group>";
		};
		AF17102E2E8F1B0E00C878DF /* Products */ = {
			isa = PBXGroup;
			children = (
				AF17102D2E8F1B0E00C878DF /* mutualism.app */,
				AF1710422E8F1B1000C878DF /* mutualismTests.xctest */,
				AF17104C2E8F1B1000C878DF /* mutualismUITests.xctest */,
			);
			name = Products;
			sourceTree = "<group>";
		};
		AF17107A2E921C0500C878DF /* Fonts */ = {
			isa = PBXGroup;
			children = (
				AF17108B2E92CD6C00C878DF /* Nunito-Medium.ttf */,
				AF17108C2E92CD6C00C878DF /* Nunito-Regular.ttf */,
				AF17108D2E92CD6C00C878DF /* Nunito-SemiBold.ttf */,
				AF1710972E92CFEA00C878DF /* Fraunces72pt-Bold.ttf */,
				AF1710982E92CFEA00C878DF /* Fraunces72pt-Regular.ttf */,
				AF1710992E92CFEA00C878DF /* Fraunces72pt-SemiBold.ttf */,
			);
			path = Fonts;
			sourceTree = "<group>";
		};
/* End PBXGroup section */

/* Begin PBXNativeTarget section */
		AF17102C2E8F1B0E00C878DF /* mutualism */ = {
			isa = PBXNativeTarget;
			buildConfigurationList = AF1710562E8F1B1000C878DF /* Build configuration list for PBXNativeTarget "mutualism" */;
			buildPhases = (
				AF1710292E8F1B0E00C878DF /* Sources */,
				AF17102A2E8F1B0E00C878DF /* Frameworks */,
				AF17102B2E8F1B0E00C878DF /* Resources */,
			);
			buildRules = (
			);
			dependencies = (
			);
			fileSystemSynchronizedGroups = (
				AF17102F2E8F1B0E00C878DF /* mutualism */,
			);
			name = mutualism;
			packageProductDependencies = (
			);
			productName = mutualism;
			productReference = AF17102D2E8F1B0E00C878DF /* mutualism.app */;
			productType = "com.apple.product-type.application";
		};
		AF1710412E8F1B1000C878DF /* mutualismTests */ = {
			isa = PBXNativeTarget;
			buildConfigurationList = AF1710592E8F1B1000C878DF /* Build configuration list for PBXNativeTarget "mutualismTests" */;
			buildPhases = (
				AF17103E2E8F1B1000C878DF /* Sources */,
				AF17103F2E8F1B1000C878DF /* Frameworks */,
				AF1710402E8F1B1000C878DF /* Resources */,
			);
			buildRules = (
			);
			dependencies = (
				AF1710442E8F1B1000C878DF /* PBXTargetDependency */,
			);
			fileSystemSynchronizedGroups = (
				AF1710452E8F1B1000C878DF /* mutualismTests */,
			);
			name = mutualismTests;
			packageProductDependencies = (
			);
			productName = mutualismTests;
			productReference = AF1710422E8F1B1000C878DF /* mutualismTests.xctest */;
			productType = "com.apple.product-type.bundle.unit-test";
		};
		AF17104B2E8F1B1000C878DF /* mutualismUITests */ = {
			isa = PBXNativeTarget;
			buildConfigurationList = AF17105C2E8F1B1000C878DF /* Build configuration list for PBXNativeTarget "mutualismUITests" */;
			buildPhases = (
				AF1710482E8F1B1000C878DF /* Sources */,
				AF1710492E8F1B1000C878DF /* Frameworks */,
				AF17104A2E8F1B1000C878DF /* Resources */,
			);
			buildRules = (
			);
			dependencies = (
				AF17104E2E8F1B1000C878DF /* PBXTargetDependency */,
			);
			fileSystemSynchronizedGroups = (
				AF17104F2E8F1B1000C878DF /* mutualismUITests */,
			);
			name = mutualismUITests;
			packageProductDependencies = (
			);
			productName = mutualismUITests;
			productReference = AF17104C2E8F1B1000C878DF /* mutualismUITests.xctest */;
			productType = "com.apple.product-type.bundle.ui-testing";
		};
/* End PBXNativeTarget section */

/* Begin PBXProject section */
		AF1710252E8F1B0E00C878DF /* Project object */ = {
			isa = PBXProject;
			attributes = {
				BuildIndependentTargetsInParallel = 1;
				LastSwiftUpdateCheck = 1620;
				LastUpgradeCheck = 1620;
				TargetAttributes = {
					AF17102C2E8F1B0E00C878DF = {
						CreatedOnToolsVersion = 16.2;
					};
					AF1710412E8F1B1000C878DF = {
						CreatedOnToolsVersion = 16.2;
						TestTargetID = AF17102C2E8F1B0E00C878DF;
					};
					AF17104B2E8F1B1000C878DF = {
						CreatedOnToolsVersion = 16.2;
						TestTargetID = AF17102C2E8F1B0E00C878DF;
					};
				};
			};
			buildConfigurationList = AF1710282E8F1B0E00C878DF /* Build configuration list for PBXProject "mutualism" */;
			developmentRegion = en;
			hasScannedForEncodings = 0;
			knownRegions = (
				en,
				Base,
			);
			mainGroup = AF1710242E8F1B0E00C878DF;
			minimizedProjectReferenceProxies = 1;
			preferredProjectObjectVersion = 77;
			productRefGroup = AF17102E2E8F1B0E00C878DF /* Products */;
			projectDirPath = "";
			projectRoot = "";
			targets = (
				AF17102C2E8F1B0E00C878DF /* mutualism */,
				AF1710412E8F1B1000C878DF /* mutualismTests */,
				AF17104B2E8F1B1000C878DF /* mutualismUITests */,
			);
		};
/* End PBXProject section */

/* Begin PBXResourcesBuildPhase section */
		AF17102B2E8F1B0E00C878DF /* Resources */ = {
			isa = PBXResourcesBuildPhase;
			buildActionMask = 2147483647;
			files = (
				AF17108E2E92CD6C00C878DF /* Nunito-Regular.ttf in Resources */,
				AF17108F2E92CD6C00C878DF /* Nunito-Medium.ttf in Resources */,
				AF1710902E92CD6C00C878DF /* Nunito-SemiBold.ttf in Resources */,
				AF17109A2E92CFEA00C878DF /* Fraunces72pt-Regular.ttf in Resources */,
				AF17109B2E92CFEA00C878DF /* Fraunces72pt-SemiBold.ttf in Resources */,
				AF17109C2E92CFEA00C878DF /* Fraunces72pt-Bold.ttf in Resources */,
			);
			runOnlyForDeploymentPostprocessing = 0;
		};
		AF1710402E8F1B1000C878DF /* Resources */ = {
			isa = PBXResourcesBuildPhase;
			buildActionMask = 2147483647;
			files = (
			);
			runOnlyForDeploymentPostprocessing = 0;
		};
		AF17104A2E8F1B1000C878DF /* Resources */ = {
			isa = PBXResourcesBuildPhase;
			buildActionMask = 2147483647;
			files = (
			);
			runOnlyForDeploymentPostprocessing = 0;
		};
/* End PBXResourcesBuildPhase section */

/* Begin PBXSourcesBuildPhase section */
		AF1710292E8F1B0E00C878DF /* Sources */ = {
			isa = PBXSourcesBuildPhase;
			buildActionMask = 2147483647;
			files = (
			);
			runOnlyForDeploymentPostprocessing = 0;
		};
		AF17103E2E8F1B1000C878DF /* Sources */ = {
			isa = PBXSourcesBuildPhase;
			buildActionMask = 2147483647;
			files = (
			);
			runOnlyForDeploymentPostprocessing = 0;
		};
		AF1710482E8F1B1000C878DF /* Sources */ = {
			isa = PBXSourcesBuildPhase;
			buildActionMask = 2147483647;
			files = (
			);
			runOnlyForDeploymentPostprocessing = 0;
		};
/* End PBXSourcesBuildPhase section */

/* Begin PBXTargetDependency section */
		AF1710442E8F1B1000C878DF /* PBXTargetDependency */ = {
			isa = PBXTargetDependency;
			target = AF17102C2E8F1B0E00C878DF /* mutualism */;
			targetProxy = AF1710432E8F1B1000C878DF /* PBXContainerItemProxy */;
		};
		AF17104E2E8F1B1000C878DF /* PBXTargetDependency */ = {
			isa = PBXTargetDependency;
			target = AF17102C2E8F1B0E00C878DF /* mutualism */;
			targetProxy = AF17104D2E8F1B1000C878DF /* PBXContainerItemProxy */;
		};
/* End PBXTargetDependency section */

/* Begin XCBuildConfiguration section */
		AF1710542E8F1B1000C878DF /* Debug */ = {
			isa = XCBuildConfiguration;
			buildSettings = {
				ALWAYS_SEARCH_USER_PATHS = NO;
				ASSETCATALOG_COMPILER_GENERATE_SWIFT_ASSET_SYMBOL_EXTENSIONS = YES;
				CLANG_ANALYZER_NONNULL = YES;
				CLANG_ANALYZER_NUMBER_OBJECT_CONVERSION = YES_AGGRESSIVE;
				CLANG_CXX_LANGUAGE_STANDARD = "gnu++20";
				CLANG_ENABLE_MODULES = YES;
				CLANG_ENABLE_OBJC_ARC = YES;
				CLANG_ENABLE_OBJC_WEAK = YES;
				CLANG_WARN_BLOCK_CAPTURE_AUTORELEASING = YES;
				CLANG_WARN_BOOL_CONVERSION = YES;
				CLANG_WARN_COMMA = YES;
				CLANG_WARN_CONSTANT_CONVERSION = YES;
				CLANG_WARN_DEPRECATED_OBJC_IMPLEMENTATIONS = YES;
				CLANG_WARN_DIRECT_OBJC_ISA_USAGE = YES_ERROR;
				CLANG_WARN_DOCUMENTATION_COMMENTS = YES;
				CLANG_WARN_EMPTY_BODY = YES;
				CLANG_WARN_ENUM_CONVERSION = YES;
				CLANG_WARN_INFINITE_RECURSION = YES;
				CLANG_WARN_INT_CONVERSION = YES;
				CLANG_WARN_NON_LITERAL_NULL_CONVERSION = YES;
				CLANG_WARN_OBJC_IMPLICIT_RETAIN_SELF = YES;
				CLANG_WARN_OBJC_LITERAL_CONVERSION = YES;
				CLANG_WARN_OBJC_ROOT_CLASS = YES_ERROR;
				CLANG_WARN_QUOTED_INCLUDE_IN_FRAMEWORK_HEADER = YES;
				CLANG_WARN_RANGE_LOOP_ANALYSIS = YES;
				CLANG_WARN_STRICT_PROTOTYPES = YES;
				CLANG_WARN_SUSPICIOUS_MOVE = YES;
				CLANG_WARN_UNGUARDED_AVAILABILITY = YES_AGGRESSIVE;
				CLANG_WARN_UNREACHABLE_CODE = YES;
				CLANG_WARN__DUPLICATE_METHOD_MATCH = YES;
				COPY_PHASE_STRIP = NO;
				DEBUG_INFORMATION_FORMAT = dwarf;
				ENABLE_STRICT_OBJC_MSGSEND = YES;
				ENABLE_TESTABILITY = YES;
				ENABLE_USER_SCRIPT_SANDBOXING = YES;
				GCC_C_LANGUAGE_STANDARD = gnu17;
				GCC_DYNAMIC_NO_PIC = NO;
				GCC_NO_COMMON_BLOCKS = YES;
				GCC_OPTIMIZATION_LEVEL = 0;
				GCC_PREPROCESSOR_DEFINITIONS = (
					"DEBUG=1",
					"$(inherited)",
				);
				GCC_WARN_64_TO_32_BIT_CONVERSION = YES;
				GCC_WARN_ABOUT_RETURN_TYPE = YES_ERROR;
				GCC_WARN_UNDECLARED_SELECTOR = YES;
				GCC_WARN_UNINITIALIZED_AUTOS = YES_AGGRESSIVE;
				GCC_WARN_UNUSED_FUNCTION = YES;
				GCC_WARN_UNUSED_VARIABLE = YES;
				IPHONEOS_DEPLOYMENT_TARGET = 18.2;
				LOCALIZATION_PREFERS_STRING_CATALOGS = YES;
				MTL_ENABLE_DEBUG_INFO = INCLUDE_SOURCE;
				MTL_FAST_MATH = YES;
				ONLY_ACTIVE_ARCH = YES;
				SDKROOT = iphoneos;
				SWIFT_ACTIVE_COMPILATION_CONDITIONS = "DEBUG $(inherited)";
				SWIFT_OPTIMIZATION_LEVEL = "-Onone";
			};
			name = Debug;
		};
		AF1710552E8F1B1000C878DF /* Release */ = {
			isa = XCBuildConfiguration;
			buildSettings = {
				ALWAYS_SEARCH_USER_PATHS = NO;
				ASSETCATALOG_COMPILER_GENERATE_SWIFT_ASSET_SYMBOL_EXTENSIONS = YES;
				CLANG_ANALYZER_NONNULL = YES;
				CLANG_ANALYZER_NUMBER_OBJECT_CONVERSION = YES_AGGRESSIVE;
				CLANG_CXX_LANGUAGE_STANDARD = "gnu++20";
				CLANG_ENABLE_MODULES = YES;
				CLANG_ENABLE_OBJC_ARC = YES;
				CLANG_ENABLE_OBJC_WEAK = YES;
				CLANG_WARN_BLOCK_CAPTURE_AUTORELEASING = YES;
				CLANG_WARN_BOOL_CONVERSION = YES;
				CLANG_WARN_COMMA = YES;
				CLANG_WARN_CONSTANT_CONVERSION = YES;
				CLANG_WARN_DEPRECATED_OBJC_IMPLEMENTATIONS = YES;
				CLANG_WARN_DIRECT_OBJC_ISA_USAGE = YES_ERROR;
				CLANG_WARN_DOCUMENTATION_COMMENTS = YES;
				CLANG_WARN_EMPTY_BODY = YES;
				CLANG_WARN_ENUM_CONVERSION = YES;
				CLANG_WARN_INFINITE_RECURSION = YES;
				CLANG_WARN_INT_CONVERSION = YES;
				CLANG_WARN_NON_LITERAL_NULL_CONVERSION = YES;
				CLANG_WARN_OBJC_IMPLICIT_RETAIN_SELF = YES;
				CLANG_WARN_OBJC_LITERAL_CONVERSION = YES;
				CLANG_WARN_OBJC_ROOT_CLASS = YES_ERROR;
				CLANG_WARN_QUOTED_INCLUDE_IN_FRAMEWORK_HEADER = YES;
				CLANG_WARN_RANGE_LOOP_ANALYSIS = YES;
				CLANG_WARN_STRICT_PROTOTYPES = YES;
				CLANG_WARN_SUSPICIOUS_MOVE = YES;
				CLANG_WARN_UNGUARDED_AVAILABILITY = YES_AGGRESSIVE;
				CLANG_WARN_UNREACHABLE_CODE = YES;
				CLANG_WARN__DUPLICATE_METHOD_MATCH = YES;
				COPY_PHASE_STRIP = NO;
				DEBUG_INFORMATION_FORMAT = "dwarf-with-dsym";
				ENABLE_NS_ASSERTIONS = NO;
				ENABLE_STRICT_OBJC_MSGSEND = YES;
				ENABLE_USER_SCRIPT_SANDBOXING = YES;
				GCC_C_LANGUAGE_STANDARD = gnu17;
				GCC_NO_COMMON_BLOCKS = YES;
				GCC_WARN_64_TO_32_BIT_CONVERSION = YES;
				GCC_WARN_ABOUT_RETURN_TYPE = YES_ERROR;
				GCC_WARN_UNDECLARED_SELECTOR = YES;
				GCC_WARN_UNINITIALIZED_AUTOS = YES_AGGRESSIVE;
				GCC_WARN_UNUSED_FUNCTION = YES;
				GCC_WARN_UNUSED_VARIABLE = YES;
				IPHONEOS_DEPLOYMENT_TARGET = 18.2;
				LOCALIZATION_PREFERS_STRING_CATALOGS = YES;
				MTL_ENABLE_DEBUG_INFO = NO;
				MTL_FAST_MATH = YES;
				SDKROOT = iphoneos;
				SWIFT_COMPILATION_MODE = wholemodule;
				VALIDATE_PRODUCT = YES;
			};
			name = Release;
		};
		AF1710572E8F1B1000C878DF /* Debug */ = {
			isa = XCBuildConfiguration;
			buildSettings = {
				ASSETCATALOG_COMPILER_APPICON_NAME = AppIcon;
				ASSETCATALOG_COMPILER_GLOBAL_ACCENT_COLOR_NAME = AccentColor;
				CODE_SIGN_STYLE = Automatic;
				CURRENT_PROJECT_VERSION = 1;
				DEVELOPMENT_ASSET_PATHS = "\"mutualism/Preview Content\"";
				DEVELOPMENT_TEAM = AR6537V5RM;
				ENABLE_PREVIEWS = YES;
				GENERATE_INFOPLIST_FILE = YES;
				INFOPLIST_FILE = mutualism/Info.plist;
				INFOPLIST_KEY_CFBundleDisplayName = "";
				INFOPLIST_KEY_UIApplicationSceneManifest_Generation = YES;
				INFOPLIST_KEY_UIApplicationSupportsIndirectInputEvents = YES;
				INFOPLIST_KEY_UILaunchScreen_Generation = YES;
				INFOPLIST_KEY_UISupportedInterfaceOrientations_iPad = "UIInterfaceOrientationPortrait UIInterfaceOrientationPortraitUpsideDown UIInterfaceOrientationLandscapeLeft UIInterfaceOrientationLandscapeRight";
				INFOPLIST_KEY_UISupportedInterfaceOrientations_iPhone = "UIInterfaceOrientationPortrait UIInterfaceOrientationLandscapeLeft UIInterfaceOrientationLandscapeRight";
				LD_RUNPATH_SEARCH_PATHS = (
					"$(inherited)",
					"@executable_path/Frameworks",
				);
				MARKETING_VERSION = 1.0;
				PRODUCT_BUNDLE_IDENTIFIER = chai.ANSHULCHENNAVARAM.mutualism;
				PRODUCT_NAME = "$(TARGET_NAME)";
				SWIFT_EMIT_LOC_STRINGS = YES;
				SWIFT_VERSION = 5.0;
				TARGETED_DEVICE_FAMILY = "1,2";
			};
			name = Debug;
		};
		AF1710582E8F1B1000C878DF /* Release */ = {
			isa = XCBuildConfiguration;
			buildSettings = {
				ASSETCATALOG_COMPILER_APPICON_NAME = AppIcon;
				ASSETCATALOG_COMPILER_GLOBAL_ACCENT_COLOR_NAME = AccentColor;
				CODE_SIGN_STYLE = Automatic;
				CURRENT_PROJECT_VERSION = 1;
				DEVELOPMENT_ASSET_PATHS = "\"mutualism/Preview Content\"";
				DEVELOPMENT_TEAM = AR6537V5RM;
				ENABLE_PREVIEWS = YES;
				GENERATE_INFOPLIST_FILE = YES;
				INFOPLIST_FILE = mutualism/Info.plist;
				INFOPLIST_KEY_CFBundleDisplayName = "";
				INFOPLIST_KEY_UIApplicationSceneManifest_Generation = YES;
				INFOPLIST_KEY_UIApplicationSupportsIndirectInputEvents = YES;
				INFOPLIST_KEY_UILaunchScreen_Generation = YES;
				INFOPLIST_KEY_UISupportedInterfaceOrientations_iPad = "UIInterfaceOrientationPortrait UIInterfaceOrientationPortraitUpsideDown UIInterfaceOrientationLandscapeLeft UIInterfaceOrientationLandscapeRight";
				INFOPLIST_KEY_UISupportedInterfaceOrientations_iPhone = "UIInterfaceOrientationPortrait UIInterfaceOrientationLandscapeLeft UIInterfaceOrientationLandscapeRight";
				LD_RUNPATH_SEARCH_PATHS = (
					"$(inherited)",
					"@executable_path/Frameworks",
				);
				MARKETING_VERSION = 1.0;
				PRODUCT_BUNDLE_IDENTIFIER = chai.ANSHULCHENNAVARAM.mutualism;
				PRODUCT_NAME = "$(TARGET_NAME)";
				SWIFT_EMIT_LOC_STRINGS = YES;
				SWIFT_VERSION = 5.0;
				TARGETED_DEVICE_FAMILY = "1,2";
			};
			name = Release;
		};
		AF17105A2E8F1B1000C878DF /* Debug */ = {
			isa = XCBuildConfiguration;
			buildSettings = {
				BUNDLE_LOADER = "$(TEST_HOST)";
				CODE_SIGN_STYLE = Automatic;
				CURRENT_PROJECT_VERSION = 1;
				DEVELOPMENT_TEAM = AR6537V5RM;
				GENERATE_INFOPLIST_FILE = YES;
				IPHONEOS_DEPLOYMENT_TARGET = 18.2;
				MARKETING_VERSION = 1.0;
				PRODUCT_BUNDLE_IDENTIFIER = chai.ANSHULCHENNAVARAM.mutualismTests;
				PRODUCT_NAME = "$(TARGET_NAME)";
				SWIFT_EMIT_LOC_STRINGS = NO;
				SWIFT_VERSION = 5.0;
				TARGETED_DEVICE_FAMILY = "1,2";
				TEST_HOST = "$(BUILT_PRODUCTS_DIR)/mutualism.app/$(BUNDLE_EXECUTABLE_FOLDER_PATH)/mutualism";
			};
			name = Debug;
		};
		AF17105B2E8F1B1000C878DF /* Release */ = {
			isa = XCBuildConfiguration;
			buildSettings = {
				BUNDLE_LOADER = "$(TEST_HOST)";
				CODE_SIGN_STYLE = Automatic;
				CURRENT_PROJECT_VERSION = 1;
				DEVELOPMENT_TEAM = AR6537V5RM;
				GENERATE_INFOPLIST_FILE = YES;
				IPHONEOS_DEPLOYMENT_TARGET = 18.2;
				MARKETING_VERSION = 1.0;
				PRODUCT_BUNDLE_IDENTIFIER = chai.ANSHULCHENNAVARAM.mutualismTests;
				PRODUCT_NAME = "$(TARGET_NAME)";
				SWIFT_EMIT_LOC_STRINGS = NO;
				SWIFT_VERSION = 5.0;
				TARGETED_DEVICE_FAMILY = "1,2";
				TEST_HOST = "$(BUILT_PRODUCTS_DIR)/mutualism.app/$(BUNDLE_EXECUTABLE_FOLDER_PATH)/mutualism";
			};
			name = Release;
		};
		AF17105D2E8F1B1000C878DF /* Debug */ = {
			isa = XCBuildConfiguration;
			buildSettings = {
				CODE_SIGN_STYLE = Automatic;
				CURRENT_PROJECT_VERSION = 1;
				DEVELOPMENT_TEAM = AR6537V5RM;
				GENERATE_INFOPLIST_FILE = YES;
				MARKETING_VERSION = 1.0;
				PRODUCT_BUNDLE_IDENTIFIER = chai.ANSHULCHENNAVARAM.mutualismUITests;
				PRODUCT_NAME = "$(TARGET_NAME)";
				SWIFT_EMIT_LOC_STRINGS = NO;
				SWIFT_VERSION = 5.0;
				TARGETED_DEVICE_FAMILY = "1,2";
				TEST_TARGET_NAME = mutualism;
			};
			name = Debug;
		};
		AF17105E2E8F1B1000C878DF /* Release */ = {
			isa = XCBuildConfiguration;
			buildSettings = {
				CODE_SIGN_STYLE = Automatic;
				CURRENT_PROJECT_VERSION = 1;
				DEVELOPMENT_TEAM = AR6537V5RM;
				GENERATE_INFOPLIST_FILE = YES;
				MARKETING_VERSION = 1.0;
				PRODUCT_BUNDLE_IDENTIFIER = chai.ANSHULCHENNAVARAM.mutualismUITests;
				PRODUCT_NAME = "$(TARGET_NAME)";
				SWIFT_EMIT_LOC_STRINGS = NO;
				SWIFT_VERSION = 5.0;
				TARGETED_DEVICE_FAMILY = "1,2";
				TEST_TARGET_NAME = mutualism;
			};
			name = Release;
		};
/* End XCBuildConfiguration section */

/* Begin XCConfigurationList section */
		AF1710282E8F1B0E00C878DF /* Build configuration list for PBXProject "mutualism" */ = {
			isa = XCConfigurationList;
			buildConfigurations = (
				AF1710542E8F1B1000C878DF /* Debug */,
				AF1710552E8F1B1000C878DF /* Release */,
			);
			defaultConfigurationIsVisible = 0;
			defaultConfigurationName = Release;
		};
		AF1710562E8F1B1000C878DF /* Build configuration list for PBXNativeTarget "mutualism" */ = {
			isa = XCConfigurationList;
			buildConfigurations = (
				AF1710572E8F1B1000C878DF /* Debug */,
				AF1710582E8F1B1000C878DF /* Release */,
			);
			defaultConfigurationIsVisible = 0;
			defaultConfigurationName = Release;
		};
		AF1710592E8F1B1000C878DF /* Build configuration list for PBXNativeTarget "mutualismTests" */ = {
			isa = XCConfigurationList;
			buildConfigurations = (
				AF17105A2E8F1B1000C878DF /* Debug */,
				AF17105B2E8F1B1000C878DF /* Release */,
			);
			defaultConfigurationIsVisible = 0;
			defaultConfigurationName = Release;
		};
		AF17105C2E8F1B1000C878DF /* Build configuration list for PBXNativeTarget "mutualismUITests" */ = {
			isa = XCConfigurationList;
			buildConfigurations = (
				AF17105D2E8F1B1000C878DF /* Debug */,
				AF17105E2E8F1B1000C878DF /* Release */,
			);
			defaultConfigurationIsVisible = 0;
			defaultConfigurationName = Release;
		};
/* End XCConfigurationList section */
	};
	rootObject = AF1710252E8F1B0E00C878DF /* Project object */;
}
